
Microsoft Visual Studio Solution File, Format Version 12.00
# Visual Studio 15
Project("{FAE04EC0-301F-11D3-BF4B-00C04F79EFBC}") = "Boxophobic.Utils.Editor", "Boxophobic.Utils.Editor.csproj", "{97C150F3-BC67-2AA3-5E38-1A05EA2CCBB1}"
EndProject
Project("{FAE04EC0-301F-11D3-BF4B-00C04F79EFBC}") = "Assembly-CSharp", "Assembly-CSharp.csproj", "{F83DDC56-16D6-8924-AC5C-80C227BB8963}"
EndProject
Project("{FAE04EC0-301F-11D3-BF4B-00C04F79EFBC}") = "Boxophobic.Utils.Scripts", "Boxophobic.Utils.Scripts.csproj", "{78EA07B7-AB2C-1423-049D-319065B3EA7D}"
EndProject
Project("{FAE04EC0-301F-11D3-BF4B-00C04F79EFBC}") = "Boxophobic.SkyboxCubemapExtended.Editor", "Boxophobic.SkyboxCubemapExtended.Editor.csproj", "{50D6A953-26ED-4271-C6D0-DF49F2259A98}"
EndProject
Global
	GlobalSection(SolutionConfigurationPlatforms) = preSolution
		Debug|Any CPU = Debug|Any CPU
		Release|Any CPU = Release|Any CPU
	EndGlobalSection
	GlobalSection(ProjectConfigurationPlatforms) = postSolution
		{97C150F3-BC67-2AA3-5E38-1A05EA2CCBB1}.Debug|Any CPU.ActiveCfg = Debug|Any CPU
		{97C150F3-BC67-2AA3-5E38-1A05EA2CCBB1}.Debug|Any CPU.Build.0 = Debug|Any CPU
		{97C150F3-BC67-2AA3-5E38-1A05EA2CCBB1}.Release|Any CPU.ActiveCfg = Release|Any CPU
		{97C150F3-BC67-2AA3-5E38-1A05EA2CCBB1}.Release|Any CPU.Build.0 = Release|Any CPU
		{F83DDC56-16D6-8924-AC5C-80C227BB8963}.Debug|Any CPU.ActiveCfg = Debug|Any CPU
		{F83DDC56-16D6-8924-AC5C-80C227BB8963}.Debug|Any CPU.Build.0 = Debug|Any CPU
		{F83DDC56-16D6-8924-AC5C-80C227BB8963}.Release|Any CPU.ActiveCfg = Release|Any CPU
		{F83DDC56-16D6-8924-AC5C-80C227BB8963}.Release|Any CPU.Build.0 = Release|Any CPU
		{78EA07B7-AB2C-1423-049D-319065B3EA7D}.Debug|Any CPU.ActiveCfg = Debug|Any CPU
		{78EA07B7-AB2C-1423-049D-319065B3EA7D}.Debug|Any CPU.Build.0 = Debug|Any CPU
		{78EA07B7-AB2C-1423-049D-319065B3EA7D}.Release|Any CPU.ActiveCfg = Release|Any CPU
		{78EA07B7-AB2C-1423-049D-319065B3EA7D}.Release|Any CPU.Build.0 = Release|Any CPU
		{50D6A953-26ED-4271-C6D0-DF49F2259A98}.Debug|Any CPU.ActiveCfg = Debug|Any CPU
		{50D6A953-26ED-4271-C6D0-DF49F2259A98}.Debug|Any CPU.Build.0 = Debug|Any CPU
		{50D6A953-26ED-4271-C6D0-DF49F2259A98}.Release|Any CPU.ActiveCfg = Release|Any CPU
		{50D6A953-26ED-4271-C6D0-DF49F2259A98}.Release|Any CPU.Build.0 = Release|Any CPU
	EndGlobalSection
	GlobalSection(SolutionProperties) = preSolution
		HideSolutionNode = FALSE
	EndGlobalSection
EndGlobal
